
Microsoft Visual Studio Solution File, Format Version 12.00
# Visual Studio Version 17
VisualStudioVersion = 17.13.35828.75 d17.13
MinimumVisualStudioVersion = 10.0.40219.1
Project("{FAE04EC0-301F-11D3-BF4B-00C04F79EFBC}") = "PharmaCare", "PharmaCare\PharmaCare.csproj", "{9EBC6A57-A76D-47F8-8D9B-3C370C73A1A4}"
EndProject
Global
	GlobalSection(SolutionConfigurationPlatforms) = preSolution
		Debug|Any CPU = Debug|Any CPU
		Release|Any CPU = Release|Any CPU
	EndGlobalSection
	GlobalSection(ProjectConfigurationPlatforms) = postSolution
		{9EBC6A57-A76D-47F8-8D9B-3C370C73A1A4}.Debug|Any CPU.ActiveCfg = Debug|Any CPU
		{9EBC6A57-A76D-47F8-8D9B-3C370C73A1A4}.Debug|Any CPU.Build.0 = Debug|Any CPU
		{9EBC6A57-A76D-47F8-8D9B-3C370C73A1A4}.Release|Any CPU.ActiveCfg = Release|Any CPU
		{9EBC6A57-A76D-47F8-8D9B-3C370C73A1A4}.Release|Any CPU.Build.0 = Release|Any CPU
	EndGlobalSection
	GlobalSection(SolutionProperties) = preSolution
		HideSolutionNode = FALSE
	EndGlobalSection
	GlobalSection(ExtensibilityGlobals) = postSolution
		SolutionGuid = {311DB6E2-1C2E-4722-9869-3E22FDC5C629}
	EndGlobalSection
EndGlobal
